
Microsoft Visual Studio Solution File, Format Version 12.00
# Visual Studio Version 17
VisualStudioVersion = 17.4.33213.308
MinimumVisualStudioVersion = 10.0.40219.1
Project("{FAE04EC0-301F-11D3-BF4B-00C04F79EFBC}") = "ExcelFileReader", "ExcelFileReader\ExcelFileReader.csproj", "{A7C1C118-5A4F-4F33-9AE1-4A1FDE902015}"
EndProject
Global
	GlobalSection(SolutionConfigurationPlatforms) = preSolution
		Debug|Any CPU = Debug|Any CPU
		Release|Any CPU = Release|Any CPU
	EndGlobalSection
	GlobalSection(ProjectConfigurationPlatforms) = postSolution
		{A7C1C118-5A4F-4F33-9AE1-4A1FDE902015}.Debug|Any CPU.ActiveCfg = Debug|Any CPU
		{A7C1C118-5A4F-4F33-9AE1-4A1FDE902015}.Debug|Any CPU.Build.0 = Debug|Any CPU
		{A7C1C118-5A4F-4F33-9AE1-4A1FDE902015}.Release|Any CPU.ActiveCfg = Release|Any CPU
		{A7C1C118-5A4F-4F33-9AE1-4A1FDE902015}.Release|Any CPU.Build.0 = Release|Any CPU
	EndGlobalSection
	GlobalSection(SolutionProperties) = preSolution
		HideSolutionNode = FALSE
	EndGlobalSection
	GlobalSection(ExtensibilityGlobals) = postSolution
		SolutionGuid = {093CD95F-3713-4F68-BE7B-AA3584C862A6}
	EndGlobalSection
EndGlobal
